
Microsoft Visual Studio Solution File, Format Version 12.00
# Visual Studio 15
VisualStudioVersion = 15.0.28307.421
MinimumVisualStudioVersion = 10.0.40219.1
Project("{2150E333-8FDC-42A3-9474-1A3956D46DE8}") = "0_thirdparty", "0_thirdparty", "{0CC0D2CF-C011-44BF-8CDC-5AC21480811E}"
EndProject
Project("{2150E333-8FDC-42A3-9474-1A3956D46DE8}") = "1_demo", "1_demo", "{099D47D5-1C3D-4A5C-92BA-3D8D7E1267C3}"
EndProject
Project("{8BC9CEB8-8B4A-11D0-8D11-00A0C91BC942}") = "compare_dump_files", "demo\tests\compare_dump_files\compare_dump_files.vcxproj", "{8865FEEC-7428-3F37-9036-5F617696254A}"
EndProject
Project("{8BC9CEB8-8B4A-11D0-8D11-00A0C91BC942}") = "compare_images", "demo\tests\compare_images\compare_images.vcxproj", "{09E3680A-EF40-339A-BF90-E994ECA21A6B}"
EndProject
Project("{8BC9CEB8-8B4A-11D0-8D11-00A0C91BC942}") = "compare_raw_files", "demo\tests\compare_raw_files\compare_raw_files.vcxproj", "{EBBA0E01-578E-39B5-A3EB-46B7958670BF}"
EndProject
Project("{8BC9CEB8-8B4A-11D0-8D11-00A0C91BC942}") = "include_openjpeg", "demo\tests\include_openjpeg\include_openjpeg.vcxproj", "{7BA8F403-DE8E-33D5-9441-9C28B1FA72AB}"
EndProject
Project("{8BC9CEB8-8B4A-11D0-8D11-00A0C91BC942}") = "j2k_random_tile_access", "demo\tests\j2k_random_tile_access\j2k_random_tile_access.vcxproj", "{1AF1C08C-2C54-39E3-BE1C-9841E773ED0B}"
EndProject
Project("{8BC9CEB8-8B4A-11D0-8D11-00A0C91BC942}") = "ppm2rgb3", "demo\tests\ppm2rgb3\ppm2rgb3.vcxproj", "{CD4CFBB1-17A6-37DC-8915-ADE1EE3E4C62}"
EndProject
Project("{8BC9CEB8-8B4A-11D0-8D11-00A0C91BC942}") = "test_decode_area", "demo\tests\test_decode_area\test_decode_area.vcxproj", "{7935B8E1-190F-3F13-B594-84DE02D65CBC}"
EndProject
Project("{8BC9CEB8-8B4A-11D0-8D11-00A0C91BC942}") = "test_tile_decoder", "demo\tests\test_tile_decoder\test_tile_decoder.vcxproj", "{A8CD6467-5E72-3C39-8C9E-E1A95C64901C}"
EndProject
Project("{8BC9CEB8-8B4A-11D0-8D11-00A0C91BC942}") = "test_tile_encoder", "demo\tests\test_tile_encoder\test_tile_encoder.vcxproj", "{028537F0-0EE8-3D4B-9B76-DDD5204E55D4}"
EndProject
Project("{8BC9CEB8-8B4A-11D0-8D11-00A0C91BC942}") = "testempty0", "demo\tests\testempty0\testempty0.vcxproj", "{74106E17-E698-471F-8D6F-74D0C12C86C6}"
EndProject
Project("{8BC9CEB8-8B4A-11D0-8D11-00A0C91BC942}") = "testempty1", "demo\tests\testempty1\testempty1.vcxproj", "{749FE03F-4C7B-4C79-BAC7-845EB0B2A0C4}"
EndProject
Project("{8BC9CEB8-8B4A-11D0-8D11-00A0C91BC942}") = "testempty2", "demo\tests\testempty2\testempty2.vcxproj", "{66338DD0-B5D4-4235-9178-5D0CBD468DDD}"
EndProject
Project("{2150E333-8FDC-42A3-9474-1A3956D46DE8}") = "tests", "tests", "{D7763328-D82D-4474-8D50-1823B547EF4A}"
EndProject
Project("{2150E333-8FDC-42A3-9474-1A3956D46DE8}") = "jp2", "jp2", "{13F3B9ED-3272-4017-B0B4-AAACF55F477C}"
EndProject
Project("{8BC9CEB8-8B4A-11D0-8D11-00A0C91BC942}") = "opj_compress", "demo\jp2\opj_compress.vcxproj", "{65794891-60D8-4148-8AD2-8E911DA4699D}"
EndProject
Project("{8BC9CEB8-8B4A-11D0-8D11-00A0C91BC942}") = "opj_decompress", "demo\jp2\opj_decompress.vcxproj", "{6A1CE592-7668-444B-B60A-3789377D4DAA}"
EndProject
Project("{8BC9CEB8-8B4A-11D0-8D11-00A0C91BC942}") = "opj_dump", "demo\jp2\opj_dump.vcxproj", "{1BAC5B97-FC89-4D54-8DFE-46C14EC5179A}"
EndProject
Project("{8BC9CEB8-8B4A-11D0-8D11-00A0C91BC942}") = "pdf2jp2", "demo\tests\pdf2jp2\pdf2jp2.vcxproj", "{9168D4AD-6123-46DE-A4D5-0460C457C2F2}"
EndProject
Project("{8BC9CEB8-8B4A-11D0-8D11-00A0C91BC942}") = "openjpeg", "thirdparty\openjpeg-2.5.0\openjpeg.vcxproj", "{EDCEA73C-2073-330C-897B-43A1F5939A0B}"
EndProject
Project("{2150E333-8FDC-42A3-9474-1A3956D46DE8}") = "0_lib", "0_lib", "{9A3C759C-77D0-4239-ACED-8B47BDB9A43F}"
EndProject
Project("{2150E333-8FDC-42A3-9474-1A3956D46DE8}") = "1_dll", "1_dll", "{36466885-D680-4F77-BBA1-3951613F743F}"
EndProject
Project("{8BC9CEB8-8B4A-11D0-8D11-00A0C91BC942}") = "libopenjp2", "thirdparty\openjpeg-2.5.0\libopenjpeg.vcxproj", "{A166608D-B54E-493F-9DA4-65FED53278AC}"
EndProject
Global
	GlobalSection(SolutionConfigurationPlatforms) = preSolution
		Debug|x64 = Debug|x64
		Release|x64 = Release|x64
	EndGlobalSection
	GlobalSection(ProjectConfigurationPlatforms) = postSolution
		{8865FEEC-7428-3F37-9036-5F617696254A}.Debug|x64.ActiveCfg = Debug|x64
		{8865FEEC-7428-3F37-9036-5F617696254A}.Debug|x64.Build.0 = Debug|x64
		{8865FEEC-7428-3F37-9036-5F617696254A}.Release|x64.ActiveCfg = Release|x64
		{8865FEEC-7428-3F37-9036-5F617696254A}.Release|x64.Build.0 = Release|x64
		{09E3680A-EF40-339A-BF90-E994ECA21A6B}.Debug|x64.ActiveCfg = Debug|x64
		{09E3680A-EF40-339A-BF90-E994ECA21A6B}.Debug|x64.Build.0 = Debug|x64
		{09E3680A-EF40-339A-BF90-E994ECA21A6B}.Release|x64.ActiveCfg = Release|x64
		{09E3680A-EF40-339A-BF90-E994ECA21A6B}.Release|x64.Build.0 = Release|x64
		{EBBA0E01-578E-39B5-A3EB-46B7958670BF}.Debug|x64.ActiveCfg = Debug|x64
		{EBBA0E01-578E-39B5-A3EB-46B7958670BF}.Debug|x64.Build.0 = Debug|x64
		{EBBA0E01-578E-39B5-A3EB-46B7958670BF}.Release|x64.ActiveCfg = Release|x64
		{EBBA0E01-578E-39B5-A3EB-46B7958670BF}.Release|x64.Build.0 = Release|x64
		{7BA8F403-DE8E-33D5-9441-9C28B1FA72AB}.Debug|x64.ActiveCfg = Debug|x64
		{7BA8F403-DE8E-33D5-9441-9C28B1FA72AB}.Debug|x64.Build.0 = Debug|x64
		{7BA8F403-DE8E-33D5-9441-9C28B1FA72AB}.Release|x64.ActiveCfg = Release|x64
		{7BA8F403-DE8E-33D5-9441-9C28B1FA72AB}.Release|x64.Build.0 = Release|x64
		{1AF1C08C-2C54-39E3-BE1C-9841E773ED0B}.Debug|x64.ActiveCfg = Debug|x64
		{1AF1C08C-2C54-39E3-BE1C-9841E773ED0B}.Debug|x64.Build.0 = Debug|x64
		{1AF1C08C-2C54-39E3-BE1C-9841E773ED0B}.Release|x64.ActiveCfg = Release|x64
		{1AF1C08C-2C54-39E3-BE1C-9841E773ED0B}.Release|x64.Build.0 = Release|x64
		{CD4CFBB1-17A6-37DC-8915-ADE1EE3E4C62}.Debug|x64.ActiveCfg = Debug|x64
		{CD4CFBB1-17A6-37DC-8915-ADE1EE3E4C62}.Debug|x64.Build.0 = Debug|x64
		{CD4CFBB1-17A6-37DC-8915-ADE1EE3E4C62}.Release|x64.ActiveCfg = Release|x64
		{CD4CFBB1-17A6-37DC-8915-ADE1EE3E4C62}.Release|x64.Build.0 = Release|x64
		{7935B8E1-190F-3F13-B594-84DE02D65CBC}.Debug|x64.ActiveCfg = Debug|x64
		{7935B8E1-190F-3F13-B594-84DE02D65CBC}.Debug|x64.Build.0 = Debug|x64
		{7935B8E1-190F-3F13-B594-84DE02D65CBC}.Release|x64.ActiveCfg = Release|x64
		{7935B8E1-190F-3F13-B594-84DE02D65CBC}.Release|x64.Build.0 = Release|x64
		{A8CD6467-5E72-3C39-8C9E-E1A95C64901C}.Debug|x64.ActiveCfg = Debug|x64
		{A8CD6467-5E72-3C39-8C9E-E1A95C64901C}.Debug|x64.Build.0 = Debug|x64
		{A8CD6467-5E72-3C39-8C9E-E1A95C64901C}.Release|x64.ActiveCfg = Release|x64
		{A8CD6467-5E72-3C39-8C9E-E1A95C64901C}.Release|x64.Build.0 = Release|x64
		{028537F0-0EE8-3D4B-9B76-DDD5204E55D4}.Debug|x64.ActiveCfg = Debug|x64
		{028537F0-0EE8-3D4B-9B76-DDD5204E55D4}.Debug|x64.Build.0 = Debug|x64
		{028537F0-0EE8-3D4B-9B76-DDD5204E55D4}.Release|x64.ActiveCfg = Release|x64
		{028537F0-0EE8-3D4B-9B76-DDD5204E55D4}.Release|x64.Build.0 = Release|x64
		{74106E17-E698-471F-8D6F-74D0C12C86C6}.Debug|x64.ActiveCfg = Debug|x64
		{74106E17-E698-471F-8D6F-74D0C12C86C6}.Debug|x64.Build.0 = Debug|x64
		{74106E17-E698-471F-8D6F-74D0C12C86C6}.Release|x64.ActiveCfg = Release|x64
		{74106E17-E698-471F-8D6F-74D0C12C86C6}.Release|x64.Build.0 = Release|x64
		{749FE03F-4C7B-4C79-BAC7-845EB0B2A0C4}.Debug|x64.ActiveCfg = Debug|x64
		{749FE03F-4C7B-4C79-BAC7-845EB0B2A0C4}.Debug|x64.Build.0 = Debug|x64
		{749FE03F-4C7B-4C79-BAC7-845EB0B2A0C4}.Release|x64.ActiveCfg = Release|x64
		{749FE03F-4C7B-4C79-BAC7-845EB0B2A0C4}.Release|x64.Build.0 = Release|x64
		{66338DD0-B5D4-4235-9178-5D0CBD468DDD}.Debug|x64.ActiveCfg = Debug|x64
		{66338DD0-B5D4-4235-9178-5D0CBD468DDD}.Debug|x64.Build.0 = Debug|x64
		{66338DD0-B5D4-4235-9178-5D0CBD468DDD}.Release|x64.ActiveCfg = Release|x64
		{66338DD0-B5D4-4235-9178-5D0CBD468DDD}.Release|x64.Build.0 = Release|x64
		{65794891-60D8-4148-8AD2-8E911DA4699D}.Debug|x64.ActiveCfg = Debug|x64
		{65794891-60D8-4148-8AD2-8E911DA4699D}.Debug|x64.Build.0 = Debug|x64
		{65794891-60D8-4148-8AD2-8E911DA4699D}.Release|x64.ActiveCfg = Release|x64
		{65794891-60D8-4148-8AD2-8E911DA4699D}.Release|x64.Build.0 = Release|x64
		{6A1CE592-7668-444B-B60A-3789377D4DAA}.Debug|x64.ActiveCfg = Debug|x64
		{6A1CE592-7668-444B-B60A-3789377D4DAA}.Debug|x64.Build.0 = Debug|x64
		{6A1CE592-7668-444B-B60A-3789377D4DAA}.Release|x64.ActiveCfg = Release|x64
		{6A1CE592-7668-444B-B60A-3789377D4DAA}.Release|x64.Build.0 = Release|x64
		{1BAC5B97-FC89-4D54-8DFE-46C14EC5179A}.Debug|x64.ActiveCfg = Debug|x64
		{1BAC5B97-FC89-4D54-8DFE-46C14EC5179A}.Debug|x64.Build.0 = Debug|x64
		{1BAC5B97-FC89-4D54-8DFE-46C14EC5179A}.Release|x64.ActiveCfg = Release|x64
		{1BAC5B97-FC89-4D54-8DFE-46C14EC5179A}.Release|x64.Build.0 = Release|x64
		{9168D4AD-6123-46DE-A4D5-0460C457C2F2}.Debug|x64.ActiveCfg = Debug|x64
		{9168D4AD-6123-46DE-A4D5-0460C457C2F2}.Debug|x64.Build.0 = Debug|x64
		{9168D4AD-6123-46DE-A4D5-0460C457C2F2}.Release|x64.ActiveCfg = Release|x64
		{9168D4AD-6123-46DE-A4D5-0460C457C2F2}.Release|x64.Build.0 = Release|x64
		{EDCEA73C-2073-330C-897B-43A1F5939A0B}.Debug|x64.ActiveCfg = Debug|x64
		{EDCEA73C-2073-330C-897B-43A1F5939A0B}.Debug|x64.Build.0 = Debug|x64
		{EDCEA73C-2073-330C-897B-43A1F5939A0B}.Release|x64.ActiveCfg = Release|x64
		{EDCEA73C-2073-330C-897B-43A1F5939A0B}.Release|x64.Build.0 = Release|x64
		{A166608D-B54E-493F-9DA4-65FED53278AC}.Debug|x64.ActiveCfg = Debug|x64
		{A166608D-B54E-493F-9DA4-65FED53278AC}.Debug|x64.Build.0 = Debug|x64
		{A166608D-B54E-493F-9DA4-65FED53278AC}.Release|x64.ActiveCfg = Release|x64
		{A166608D-B54E-493F-9DA4-65FED53278AC}.Release|x64.Build.0 = Release|x64
	EndGlobalSection
	GlobalSection(SolutionProperties) = preSolution
		HideSolutionNode = FALSE
	EndGlobalSection
	GlobalSection(NestedProjects) = preSolution
		{8865FEEC-7428-3F37-9036-5F617696254A} = {D7763328-D82D-4474-8D50-1823B547EF4A}
		{09E3680A-EF40-339A-BF90-E994ECA21A6B} = {D7763328-D82D-4474-8D50-1823B547EF4A}
		{EBBA0E01-578E-39B5-A3EB-46B7958670BF} = {D7763328-D82D-4474-8D50-1823B547EF4A}
		{7BA8F403-DE8E-33D5-9441-9C28B1FA72AB} = {D7763328-D82D-4474-8D50-1823B547EF4A}
		{1AF1C08C-2C54-39E3-BE1C-9841E773ED0B} = {D7763328-D82D-4474-8D50-1823B547EF4A}
		{CD4CFBB1-17A6-37DC-8915-ADE1EE3E4C62} = {D7763328-D82D-4474-8D50-1823B547EF4A}
		{7935B8E1-190F-3F13-B594-84DE02D65CBC} = {D7763328-D82D-4474-8D50-1823B547EF4A}
		{A8CD6467-5E72-3C39-8C9E-E1A95C64901C} = {D7763328-D82D-4474-8D50-1823B547EF4A}
		{028537F0-0EE8-3D4B-9B76-DDD5204E55D4} = {D7763328-D82D-4474-8D50-1823B547EF4A}
		{74106E17-E698-471F-8D6F-74D0C12C86C6} = {D7763328-D82D-4474-8D50-1823B547EF4A}
		{749FE03F-4C7B-4C79-BAC7-845EB0B2A0C4} = {D7763328-D82D-4474-8D50-1823B547EF4A}
		{66338DD0-B5D4-4235-9178-5D0CBD468DDD} = {D7763328-D82D-4474-8D50-1823B547EF4A}
		{D7763328-D82D-4474-8D50-1823B547EF4A} = {099D47D5-1C3D-4A5C-92BA-3D8D7E1267C3}
		{13F3B9ED-3272-4017-B0B4-AAACF55F477C} = {099D47D5-1C3D-4A5C-92BA-3D8D7E1267C3}
		{65794891-60D8-4148-8AD2-8E911DA4699D} = {13F3B9ED-3272-4017-B0B4-AAACF55F477C}
		{6A1CE592-7668-444B-B60A-3789377D4DAA} = {13F3B9ED-3272-4017-B0B4-AAACF55F477C}
		{1BAC5B97-FC89-4D54-8DFE-46C14EC5179A} = {13F3B9ED-3272-4017-B0B4-AAACF55F477C}
		{9168D4AD-6123-46DE-A4D5-0460C457C2F2} = {D7763328-D82D-4474-8D50-1823B547EF4A}
		{EDCEA73C-2073-330C-897B-43A1F5939A0B} = {36466885-D680-4F77-BBA1-3951613F743F}
		{9A3C759C-77D0-4239-ACED-8B47BDB9A43F} = {0CC0D2CF-C011-44BF-8CDC-5AC21480811E}
		{36466885-D680-4F77-BBA1-3951613F743F} = {0CC0D2CF-C011-44BF-8CDC-5AC21480811E}
		{A166608D-B54E-493F-9DA4-65FED53278AC} = {9A3C759C-77D0-4239-ACED-8B47BDB9A43F}
	EndGlobalSection
	GlobalSection(ExtensibilityGlobals) = postSolution
		SolutionGuid = {AE529DC7-969B-3857-85A6-92001CBE9AD2}
	EndGlobalSection
EndGlobal
